// !$*UTF8*$!
{
	archiveVersion = 1;
	classes = {
	};
	objectVersion = 52;
	objects = {

/* Begin PBXBuildFile section */
		AD91B1B7271C953F0057772C /* RecipeProjectApp.swift in Sources */ = {isa = PBXBuildFile; fileRef = AD91B1B6271C953F0057772C /* RecipeProjectApp.swift */; };
		AD91B1B9271C953F0057772C /* ContentView.swift in Sources */ = {isa = PBXBuildFile; fileRef = AD91B1B8271C953F0057772C /* ContentView.swift */; };
		AD91B1BB271C95440057772C /* Assets.xcassets in Resources */ = {isa = PBXBuildFile; fileRef = AD91B1BA271C95440057772C /* Assets.xcassets */; };
		AD91B1BE271C95440057772C /* Preview Assets.xcassets in Resources */ = {isa = PBXBuildFile; fileRef = AD91B1BD271C95440057772C /* Preview Assets.xcassets */; };
		AD91B1C7271C96380057772C /* RealmSwift in Frameworks */ = {isa = PBXBuildFile; productRef = AD91B1C6271C96380057772C /* RealmSwift */; };
		AD91B1C9271C96380057772C /* Realm in Frameworks */ = {isa = PBXBuildFile; productRef = AD91B1C8271C96380057772C /* Realm */; };
		AD91B1CE271C967B0057772C /* DBViewModel.swift in Sources */ = {isa = PBXBuildFile; fileRef = AD91B1CD271C967B0057772C /* DBViewModel.swift */; };
		AD91B1D2271C974A0057772C /* HomeView.swift in Sources */ = {isa = PBXBuildFile; fileRef = AD91B1D1271C974A0057772C /* HomeView.swift */; };
		AD91B1D4271C9BCC0057772C /* Recipe.swift in Sources */ = {isa = PBXBuildFile; fileRef = AD91B1D3271C9BCC0057772C /* Recipe.swift */; };
		AD91B1D6272096CB0057772C /* Favorites.swift in Sources */ = {isa = PBXBuildFile; fileRef = AD91B1D5272096CB0057772C /* Favorites.swift */; };
/* End PBXBuildFile section */

/* Begin PBXFileReference section */
		AD91B1B3271C953E0057772C /* RecipeProject.app */ = {isa = PBXFileReference; explicitFileType = wrapper.application; includeInIndex = 0; path = RecipeProject.app; sourceTree = BUILT_PRODUCTS_DIR; };
		AD91B1B6271C953F0057772C /* RecipeProjectApp.swift */ = {isa = PBXFileReference; lastKnownFileType = sourcecode.swift; path = RecipeProjectApp.swift; sourceTree = "<group>"; };
		AD91B1B8271C953F0057772C /* ContentView.swift */ = {isa = PBXFileReference; lastKnownFileType = sourcecode.swift; path = ContentView.swift; sourceTree = "<group>"; };
		AD91B1BA271C95440057772C /* Assets.xcassets */ = {isa = PBXFileReference; lastKnownFileType = folder.assetcatalog; path = Assets.xcassets; sourceTree = "<group>"; };
		AD91B1BD271C95440057772C /* Preview Assets.xcassets */ = {isa = PBXFileReference; lastKnownFileType = folder.assetcatalog; path = "Preview Assets.xcassets"; sourceTree = "<group>"; };
		AD91B1BF271C95440057772C /* Info.plist */ = {isa = PBXFileReference; lastKnownFileType = text.plist.xml; path = Info.plist; sourceTree = "<group>"; };
		AD91B1CD271C967B0057772C /* DBViewModel.swift */ = {isa = PBXFileReference; lastKnownFileType = sourcecode.swift; path = DBViewModel.swift; sourceTree = "<group>"; };
		AD91B1D1271C974A0057772C /* HomeView.swift */ = {isa = PBXFileReference; lastKnownFileType = sourcecode.swift; path = HomeView.swift; sourceTree = "<group>"; };
		AD91B1D3271C9BCC0057772C /* Recipe.swift */ = {isa = PBXFileReference; lastKnownFileType = sourcecode.swift; path = Recipe.swift; sourceTree = "<group>"; };
		AD91B1D5272096CB0057772C /* Favorites.swift */ = {isa = PBXFileReference; lastKnownFileType = sourcecode.swift; path = Favorites.swift; sourceTree = "<group>"; };
/* End PBXFileReference section */

/* Begin PBXFrameworksBuildPhase section */
		AD91B1B0271C953E0057772C /* Frameworks */ = {
			isa = PBXFrameworksBuildPhase;
			buildActionMask = 2147483647;
			files = (
				AD91B1C9271C96380057772C /* Realm in Frameworks */,
				AD91B1C7271C96380057772C /* RealmSwift in Frameworks */,
			);
			runOnlyForDeploymentPostprocessing = 0;
		};
/* End PBXFrameworksBuildPhase section */

/* Begin PBXGroup section */
		AD91B1AA271C953E0057772C = {
			isa = PBXGroup;
			children = (
				AD91B1B5271C953F0057772C /* RecipeProject */,
				AD91B1B4271C953E0057772C /* Products */,
			);
			sourceTree = "<group>";
		};
		AD91B1B4271C953E0057772C /* Products */ = {
			isa = PBXGroup;
			children = (
				AD91B1B3271C953E0057772C /* RecipeProject.app */,
			);
			name = Products;
			sourceTree = "<group>";
		};
		AD91B1B5271C953F0057772C /* RecipeProject */ = {
			isa = PBXGroup;
			children = (
				AD91B1CC271C96520057772C /* Model */,
				AD91B1CB271C964E0057772C /* Views */,
				AD91B1CA271C96450057772C /* ViewModel */,
				AD91B1B6271C953F0057772C /* RecipeProjectApp.swift */,
				AD91B1B8271C953F0057772C /* ContentView.swift */,
				AD91B1BA271C95440057772C /* Assets.xcassets */,
				AD91B1BF271C95440057772C /* Info.plist */,
				AD91B1BC271C95440057772C /* Preview Content */,
			);
			path = RecipeProject;
			sourceTree = "<group>";
		};
		AD91B1BC271C95440057772C /* Preview Content */ = {
			isa = PBXGroup;
			children = (
				AD91B1BD271C95440057772C /* Preview Assets.xcassets */,
			);
			path = "Preview Content";
			sourceTree = "<group>";
		};
		AD91B1CA271C96450057772C /* ViewModel */ = {
			isa = PBXGroup;
			children = (
				AD91B1CD271C967B0057772C /* DBViewModel.swift */,
			);
			path = ViewModel;
			sourceTree = "<group>";
		};
		AD91B1CB271C964E0057772C /* Views */ = {
			isa = PBXGroup;
			children = (
				AD91B1D1271C974A0057772C /* HomeView.swift */,
				AD91B1D5272096CB0057772C /* Favorites.swift */,
			);
			path = Views;
			sourceTree = "<group>";
		};
		AD91B1CC271C96520057772C /* Model */ = {
			isa = PBXGroup;
			children = (
				AD91B1D3271C9BCC0057772C /* Recipe.swift */,
			);
			path = Model;
			sourceTree = "<group>";
		};
/* End PBXGroup section */

/* Begin PBXNativeTarget section */
		AD91B1B2271C953E0057772C /* RecipeProject */ = {
			isa = PBXNativeTarget;
			buildConfigurationList = AD91B1C2271C95440057772C /* Build configuration list for PBXNativeTarget "RecipeProject" */;
			buildPhases = (
				AD91B1AF271C953E0057772C /* Sources */,
				AD91B1B0271C953E0057772C /* Frameworks */,
				AD91B1B1271C953E0057772C /* Resources */,
			);
			buildRules = (
			);
			dependencies = (
			);
			name = RecipeProject;
			packageProductDependencies = (
				AD91B1C6271C96380057772C /* RealmSwift */,
				AD91B1C8271C96380057772C /* Realm */,
			);
			productName = RecipeProject;
			productReference = AD91B1B3271C953E0057772C /* RecipeProject.app */;
			productType = "com.apple.product-type.application";
		};
/* End PBXNativeTarget section */

/* Begin PBXProject section */
		AD91B1AB271C953E0057772C /* Project object */ = {
			isa = PBXProject;
			attributes = {
				LastSwiftUpdateCheck = 1250;
				LastUpgradeCheck = 1250;
				TargetAttributes = {
					AD91B1B2271C953E0057772C = {
						CreatedOnToolsVersion = 12.5.1;
					};
				};
			};
			buildConfigurationList = AD91B1AE271C953E0057772C /* Build configuration list for PBXProject "RecipeProject" */;
			compatibilityVersion = "Xcode 9.3";
			developmentRegion = en;
			hasScannedForEncodings = 0;
			knownRegions = (
				en,
				Base,
			);
			mainGroup = AD91B1AA271C953E0057772C;
			packageReferences = (
				AD91B1C5271C96380057772C /* XCRemoteSwiftPackageReference "realm-cocoa" */,
			);
			productRefGroup = AD91B1B4271C953E0057772C /* Products */;
			projectDirPath = "";
			projectRoot = "";
			targets = (
				AD91B1B2271C953E0057772C /* RecipeProject */,
			);
		};
/* End PBXProject section */

/* Begin PBXResourcesBuildPhase section */
		AD91B1B1271C953E0057772C /* Resources */ = {
			isa = PBXResourcesBuildPhase;
			buildActionMask = 2147483647;
			files = (
				AD91B1BE271C95440057772C /* Preview Assets.xcassets in Resources */,
				AD91B1BB271C95440057772C /* Assets.xcassets in Resources */,
			);
			runOnlyForDeploymentPostprocessing = 0;
		};
/* End PBXResourcesBuildPhase section */

/* Begin PBXSourcesBuildPhase section */
		AD91B1AF271C953E0057772C /* Sources */ = {
			isa = PBXSourcesBuildPhase;
			buildActionMask = 2147483647;
			files = (
				AD91B1B9271C953F0057772C /* ContentView.swift in Sources */,
				AD91B1D2271C974A0057772C /* HomeView.swift in Sources */,
				AD91B1B7271C953F0057772C /* RecipeProjectApp.swift in Sources */,
				AD91B1D6272096CB0057772C /* Favorites.swift in Sources */,
				AD91B1CE271C967B0057772C /* DBViewModel.swift in Sources */,
				AD91B1D4271C9BCC0057772C /* Recipe.swift in Sources */,
			);
			runOnlyForDeploymentPostprocessing = 0;
		};
/* End PBXSourcesBuildPhase section */

/* Begin XCBuildConfiguration section */
		AD91B1C0271C95440057772C /* Debug */ = {
			isa = XCBuildConfiguration;
			buildSettings = {
				ALWAYS_SEARCH_USER_PATHS = NO;
				CLANG_ANALYZER_NONNULL = YES;
				CLANG_ANALYZER_NUMBER_OBJECT_CONVERSION = YES_AGGRESSIVE;
				CLANG_CXX_LANGUAGE_STANDARD = "gnu++14";
				CLANG_CXX_LIBRARY = "libc++";
				CLANG_ENABLE_MODULES = YES;
				CLANG_ENABLE_OBJC_ARC = YES;
				CLANG_ENABLE_OBJC_WEAK = YES;
				CLANG_WARN_BLOCK_CAPTURE_AUTORELEASING = YES;
				CLANG_WARN_BOOL_CONVERSION = YES;
				CLANG_WARN_COMMA = YES;
				CLANG_WARN_CONSTANT_CONVERSION = YES;
				CLANG_WARN_DEPRECATED_OBJC_IMPLEMENTATIONS = YES;
				CLANG_WARN_DIRECT_OBJC_ISA_USAGE = YES_ERROR;
				CLANG_WARN_DOCUMENTATION_COMMENTS = YES;
				CLANG_WARN_EMPTY_BODY = YES;
				CLANG_WARN_ENUM_CONVERSION = YES;
				CLANG_WARN_INFINITE_RECURSION = YES;
				CLANG_WARN_INT_CONVERSION = YES;
				CLANG_WARN_NON_LITERAL_NULL_CONVERSION = YES;
				CLANG_WARN_OBJC_IMPLICIT_RETAIN_SELF = YES;
				CLANG_WARN_OBJC_LITERAL_CONVERSION = YES;
				CLANG_WARN_OBJC_ROOT_CLASS = YES_ERROR;
				CLANG_WARN_QUOTED_INCLUDE_IN_FRAMEWORK_HEADER = YES;
				CLANG_WARN_RANGE_LOOP_ANALYSIS = YES;
				CLANG_WARN_STRICT_PROTOTYPES = YES;
				CLANG_WARN_SUSPICIOUS_MOVE = YES;
				CLANG_WARN_UNGUARDED_AVAILABILITY = YES_AGGRESSIVE;
				CLANG_WARN_UNREACHABLE_CODE = YES;
				CLANG_WARN__DUPLICATE_METHOD_MATCH = YES;
				COPY_PHASE_STRIP = NO;
				DEBUG_INFORMATION_FORMAT = dwarf;
				ENABLE_STRICT_OBJC_MSGSEND = YES;
				ENABLE_TESTABILITY = YES;
				GCC_C_LANGUAGE_STANDARD = gnu11;
				GCC_DYNAMIC_NO_PIC = NO;
				GCC_NO_COMMON_BLOCKS = YES;
				GCC_OPTIMIZATION_LEVEL = 0;
				GCC_PREPROCESSOR_DEFINITIONS = (
					"DEBUG=1",
					"$(inherited)",
				);
				GCC_WARN_64_TO_32_BIT_CONVERSION = YES;
				GCC_WARN_ABOUT_RETURN_TYPE = YES_ERROR;
				GCC_WARN_UNDECLARED_SELECTOR = YES;
				GCC_WARN_UNINITIALIZED_AUTOS = YES_AGGRESSIVE;
				GCC_WARN_UNUSED_FUNCTION = YES;
				GCC_WARN_UNUSED_VARIABLE = YES;
				IPHONEOS_DEPLOYMENT_TARGET = 14.5;
				MTL_ENABLE_DEBUG_INFO = INCLUDE_SOURCE;
				MTL_FAST_MATH = YES;
				ONLY_ACTIVE_ARCH = YES;
				SDKROOT = iphoneos;
				SWIFT_ACTIVE_COMPILATION_CONDITIONS = DEBUG;
				SWIFT_OPTIMIZATION_LEVEL = "-Onone";
			};
			name = Debug;
		};
		AD91B1C1271C95440057772C /* Release */ = {
			isa = XCBuildConfiguration;
			buildSettings = {
				ALWAYS_SEARCH_USER_PATHS = NO;
				CLANG_ANALYZER_NONNULL = YES;
				CLANG_ANALYZER_NUMBER_OBJECT_CONVERSION = YES_AGGRESSIVE;
				CLANG_CXX_LANGUAGE_STANDARD = "gnu++14";
				CLANG_CXX_LIBRARY = "libc++";
				CLANG_ENABLE_MODULES = YES;
				CLANG_ENABLE_OBJC_ARC = YES;
				CLANG_ENABLE_OBJC_WEAK = YES;
				CLANG_WARN_BLOCK_CAPTURE_AUTORELEASING = YES;
				CLANG_WARN_BOOL_CONVERSION = YES;
				CLANG_WARN_COMMA = YES;
				CLANG_WARN_CONSTANT_CONVERSION = YES;
				CLANG_WARN_DEPRECATED_OBJC_IMPLEMENTATIONS = YES;
				CLANG_WARN_DIRECT_OBJC_ISA_USAGE = YES_ERROR;
				CLANG_WARN_DOCUMENTATION_COMMENTS = YES;
				CLANG_WARN_EMPTY_BODY = YES;
				CLANG_WARN_ENUM_CONVERSION = YES;
				CLANG_WARN_INFINITE_RECURSION = YES;
				CLANG_WARN_INT_CONVERSION = YES;
				CLANG_WARN_NON_LITERAL_NULL_CONVERSION = YES;
				CLANG_WARN_OBJC_IMPLICIT_RETAIN_SELF = YES;
				CLANG_WARN_OBJC_LITERAL_CONVERSION = YES;
				CLANG_WARN_OBJC_ROOT_CLASS = YES_ERROR;
				CLANG_WARN_QUOTED_INCLUDE_IN_FRAMEWORK_HEADER = YES;
				CLANG_WARN_RANGE_LOOP_ANALYSIS = YES;
				CLANG_WARN_STRICT_PROTOTYPES = YES;
				CLANG_WARN_SUSPICIOUS_MOVE = YES;
				CLANG_WARN_UNGUARDED_AVAILABILITY = YES_AGGRESSIVE;
				CLANG_WARN_UNREACHABLE_CODE = YES;
				CLANG_WARN__DUPLICATE_METHOD_MATCH = YES;
				COPY_PHASE_STRIP = NO;
				DEBUG_INFORMATION_FORMAT = "dwarf-with-dsym";
				ENABLE_NS_ASSERTIONS = NO;
				ENABLE_STRICT_OBJC_MSGSEND = YES;
				GCC_C_LANGUAGE_STANDARD = gnu11;
				GCC_NO_COMMON_BLOCKS = YES;
				GCC_WARN_64_TO_32_BIT_CONVERSION = YES;
				GCC_WARN_ABOUT_RETURN_TYPE = YES_ERROR;
				GCC_WARN_UNDECLARED_SELECTOR = YES;
				GCC_WARN_UNINITIALIZED_AUTOS = YES_AGGRESSIVE;
				GCC_WARN_UNUSED_FUNCTION = YES;
				GCC_WARN_UNUSED_VARIABLE = YES;
				IPHONEOS_DEPLOYMENT_TARGET = 14.5;
				MTL_ENABLE_DEBUG_INFO = NO;
				MTL_FAST_MATH = YES;
				SDKROOT = iphoneos;
				SWIFT_COMPILATION_MODE = wholemodule;
				SWIFT_OPTIMIZATION_LEVEL = "-O";
				VALIDATE_PRODUCT = YES;
			};
			name = Release;
		};
		AD91B1C3271C95440057772C /* Debug */ = {
			isa = XCBuildConfiguration;
			buildSettings = {
				ASSETCATALOG_COMPILER_APPICON_NAME = AppIcon;
				ASSETCATALOG_COMPILER_GLOBAL_ACCENT_COLOR_NAME = AccentColor;
				CODE_SIGN_STYLE = Automatic;
				DEVELOPMENT_ASSET_PATHS = "\"RecipeProject/Preview Content\"";
				ENABLE_PREVIEWS = YES;
				INFOPLIST_FILE = RecipeProject/Info.plist;
				IPHONEOS_DEPLOYMENT_TARGET = 14.0;
				LD_RUNPATH_SEARCH_PATHS = (
					"$(inherited)",
					"@executable_path/Frameworks",
				);
				PRODUCT_BUNDLE_IDENTIFIER = com.sampleRealm.RecipeProject;
				PRODUCT_NAME = "$(TARGET_NAME)";
				SWIFT_VERSION = 5.0;
				TARGETED_DEVICE_FAMILY = "1,2";
			};
			name = Debug;
		};
		AD91B1C4271C95440057772C /* Release */ = {
			isa = XCBuildConfiguration;
			buildSettings = {
				ASSETCATALOG_COMPILER_APPICON_NAME = AppIcon;
				ASSETCATALOG_COMPILER_GLOBAL_ACCENT_COLOR_NAME = AccentColor;
				CODE_SIGN_STYLE = Automatic;
				DEVELOPMENT_ASSET_PATHS = "\"RecipeProject/Preview Content\"";
				ENABLE_PREVIEWS = YES;
				INFOPLIST_FILE = RecipeProject/Info.plist;
				IPHONEOS_DEPLOYMENT_TARGET = 14.0;
				LD_RUNPATH_SEARCH_PATHS = (
					"$(inherited)",
					"@executable_path/Frameworks",
				);
				PRODUCT_BUNDLE_IDENTIFIER = com.sampleRealm.RecipeProject;
				PRODUCT_NAME = "$(TARGET_NAME)";
				SWIFT_VERSION = 5.0;
				TARGETED_DEVICE_FAMILY = "1,2";
			};
			name = Release;
		};
/* End XCBuildConfiguration section */

/* Begin XCConfigurationList section */
		AD91B1AE271C953E0057772C /* Build configuration list for PBXProject "RecipeProject" */ = {
			isa = XCConfigurationList;
			buildConfigurations = (
				AD91B1C0271C95440057772C /* Debug */,
				AD91B1C1271C95440057772C /* Release */,
			);
			defaultConfigurationIsVisible = 0;
			defaultConfigurationName = Release;
		};
		AD91B1C2271C95440057772C /* Build configuration list for PBXNativeTarget "RecipeProject" */ = {
			isa = XCConfigurationList;
			buildConfigurations = (
				AD91B1C3271C95440057772C /* Debug */,
				AD91B1C4271C95440057772C /* Release */,
			);
			defaultConfigurationIsVisible = 0;
			defaultConfigurationName = Release;
		};
/* End XCConfigurationList section */

/* Begin XCRemoteSwiftPackageReference section */
		AD91B1C5271C96380057772C /* XCRemoteSwiftPackageReference "realm-cocoa" */ = {
			isa = XCRemoteSwiftPackageReference;
			repositoryURL = "https://github.com/realm/realm-cocoa.git";
			requirement = {
				kind = upToNextMajorVersion;
				minimumVersion = 10.17.0;
			};
		};
/* End XCRemoteSwiftPackageReference section */

/* Begin XCSwiftPackageProductDependency section */
		AD91B1C6271C96380057772C /* RealmSwift */ = {
			isa = XCSwiftPackageProductDependency;
			package = AD91B1C5271C96380057772C /* XCRemoteSwiftPackageReference "realm-cocoa" */;
			productName = RealmSwift;
		};
		AD91B1C8271C96380057772C /* Realm */ = {
			isa = XCSwiftPackageProductDependency;
			package = AD91B1C5271C96380057772C /* XCRemoteSwiftPackageReference "realm-cocoa" */;
			productName = Realm;
		};
/* End XCSwiftPackageProductDependency section */
	};
	rootObject = AD91B1AB271C953E0057772C /* Project object */;
}
